
Microsoft Visual Studio Solution File, Format Version 12.00
# Visual Studio Version 17
VisualStudioVersion = 17.12.35527.113
MinimumVisualStudioVersion = 10.0.40219.1
Project("{FAE04EC0-301F-11D3-BF4B-00C04F79EFBC}") = "NKatmanliMimariOrnegi.WebAPI", "NKatmanliMimariOrnegi.WebAPI\NKatmanliMimariOrnegi.WebAPI.csproj", "{DCB1F737-EF1C-4EA5-BBAF-6065D248E7E2}"
EndProject
Project("{FAE04EC0-301F-11D3-BF4B-00C04F79EFBC}") = "NKatmanliMimariOrnegi.Business", "NKatmanliMimariOrnegi.Business\NKatmanliMimariOrnegi.Business.csproj", "{67DF12DB-5CBA-4F63-9720-6F2F3DAF57D1}"
EndProject
Project("{FAE04EC0-301F-11D3-BF4B-00C04F79EFBC}") = "NKatmanliMimariOrnegi.DataAccess", "NKatmanliMimariOrnegi.DataAccess\NKatmanliMimariOrnegi.DataAccess.csproj", "{1E86369A-6A63-4B77-A843-D6AECD3EA05B}"
EndProject
Project("{FAE04EC0-301F-11D3-BF4B-00C04F79EFBC}") = "NKatmanliMimariOrnegi.DTOs", "NKatmanliMimariOrnegi.DTOs\NKatmanliMimariOrnegi.DTOs.csproj", "{59700BEB-5E37-4867-8BBA-69BDA61D3015}"
EndProject
Project("{FAE04EC0-301F-11D3-BF4B-00C04F79EFBC}") = "NKatmanliMimariOrnegi.Entities", "NKatmanliMimariOrnegi.Entities\NKatmanliMimariOrnegi.Entities.csproj", "{94CA2C65-98F0-4C13-9424-B30E2C0E30A9}"
EndProject
Project("{FAE04EC0-301F-11D3-BF4B-00C04F79EFBC}") = "NKatmanliMimariOrnegi.SharedLibrary", "NKatmanliMimariOrnegi.SharedLibrary\NKatmanliMimariOrnegi.SharedLibrary.csproj", "{8501E4FD-48C0-4669-953A-A7B291A16C18}"
EndProject
Global
	GlobalSection(SolutionConfigurationPlatforms) = preSolution
		Debug|Any CPU = Debug|Any CPU
		Release|Any CPU = Release|Any CPU
	EndGlobalSection
	GlobalSection(ProjectConfigurationPlatforms) = postSolution
		{DCB1F737-EF1C-4EA5-BBAF-6065D248E7E2}.Debug|Any CPU.ActiveCfg = Debug|Any CPU
		{DCB1F737-EF1C-4EA5-BBAF-6065D248E7E2}.Debug|Any CPU.Build.0 = Debug|Any CPU
		{DCB1F737-EF1C-4EA5-BBAF-6065D248E7E2}.Release|Any CPU.ActiveCfg = Release|Any CPU
		{DCB1F737-EF1C-4EA5-BBAF-6065D248E7E2}.Release|Any CPU.Build.0 = Release|Any CPU
		{67DF12DB-5CBA-4F63-9720-6F2F3DAF57D1}.Debug|Any CPU.ActiveCfg = Debug|Any CPU
		{67DF12DB-5CBA-4F63-9720-6F2F3DAF57D1}.Debug|Any CPU.Build.0 = Debug|Any CPU
		{67DF12DB-5CBA-4F63-9720-6F2F3DAF57D1}.Release|Any CPU.ActiveCfg = Release|Any CPU
		{67DF12DB-5CBA-4F63-9720-6F2F3DAF57D1}.Release|Any CPU.Build.0 = Release|Any CPU
		{1E86369A-6A63-4B77-A843-D6AECD3EA05B}.Debug|Any CPU.ActiveCfg = Debug|Any CPU
		{1E86369A-6A63-4B77-A843-D6AECD3EA05B}.Debug|Any CPU.Build.0 = Debug|Any CPU
		{1E86369A-6A63-4B77-A843-D6AECD3EA05B}.Release|Any CPU.ActiveCfg = Release|Any CPU
		{1E86369A-6A63-4B77-A843-D6AECD3EA05B}.Release|Any CPU.Build.0 = Release|Any CPU
		{59700BEB-5E37-4867-8BBA-69BDA61D3015}.Debug|Any CPU.ActiveCfg = Debug|Any CPU
		{59700BEB-5E37-4867-8BBA-69BDA61D3015}.Debug|Any CPU.Build.0 = Debug|Any CPU
		{59700BEB-5E37-4867-8BBA-69BDA61D3015}.Release|Any CPU.ActiveCfg = Release|Any CPU
		{59700BEB-5E37-4867-8BBA-69BDA61D3015}.Release|Any CPU.Build.0 = Release|Any CPU
		{94CA2C65-98F0-4C13-9424-B30E2C0E30A9}.Debug|Any CPU.ActiveCfg = Debug|Any CPU
		{94CA2C65-98F0-4C13-9424-B30E2C0E30A9}.Debug|Any CPU.Build.0 = Debug|Any CPU
		{94CA2C65-98F0-4C13-9424-B30E2C0E30A9}.Release|Any CPU.ActiveCfg = Release|Any CPU
		{94CA2C65-98F0-4C13-9424-B30E2C0E30A9}.Release|Any CPU.Build.0 = Release|Any CPU
		{8501E4FD-48C0-4669-953A-A7B291A16C18}.Debug|Any CPU.ActiveCfg = Debug|Any CPU
		{8501E4FD-48C0-4669-953A-A7B291A16C18}.Debug|Any CPU.Build.0 = Debug|Any CPU
		{8501E4FD-48C0-4669-953A-A7B291A16C18}.Release|Any CPU.ActiveCfg = Release|Any CPU
		{8501E4FD-48C0-4669-953A-A7B291A16C18}.Release|Any CPU.Build.0 = Release|Any CPU
	EndGlobalSection
	GlobalSection(SolutionProperties) = preSolution
		HideSolutionNode = FALSE
	EndGlobalSection
EndGlobal
